
Microsoft Visual Studio Solution File, Format Version 12.00
# Visual Studio Version 16
VisualStudioVersion = 16.0.30717.126
MinimumVisualStudioVersion = 10.0.40219.1
Project("{FAE04EC0-301F-11D3-BF4B-00C04F79EFBC}") = "FinalAsmntBlogPostSystem", "FinalAsmntBlogPostSystem\FinalAsmntBlogPostSystem.csproj", "{71245931-92AF-4FD4-AAD6-8A7E1AEA1E5C}"
EndProject
Global
	GlobalSection(SolutionConfigurationPlatforms) = preSolution
		Debug|Any CPU = Debug|Any CPU
		Release|Any CPU = Release|Any CPU
	EndGlobalSection
	GlobalSection(ProjectConfigurationPlatforms) = postSolution
		{71245931-92AF-4FD4-AAD6-8A7E1AEA1E5C}.Debug|Any CPU.ActiveCfg = Debug|Any CPU
		{71245931-92AF-4FD4-AAD6-8A7E1AEA1E5C}.Debug|Any CPU.Build.0 = Debug|Any CPU
		{71245931-92AF-4FD4-AAD6-8A7E1AEA1E5C}.Release|Any CPU.ActiveCfg = Release|Any CPU
		{71245931-92AF-4FD4-AAD6-8A7E1AEA1E5C}.Release|Any CPU.Build.0 = Release|Any CPU
	EndGlobalSection
	GlobalSection(SolutionProperties) = preSolution
		HideSolutionNode = FALSE
	EndGlobalSection
	GlobalSection(ExtensibilityGlobals) = postSolution
		SolutionGuid = {954C3A30-9005-4A48-BC94-57ECAA8E81EF}
	EndGlobalSection
EndGlobal
